// !$*UTF8*$!
{
	archiveVersion = 1;
	classes = {
	};
	objectVersion = 77;
	objects = {

/* Begin PBXContainerItemProxy section */
		8B568AE12E71844B00F57796 /* PBXContainerItemProxy */ = {
			isa = PBXContainerItemProxy;
			containerPortal = 8B568ACA2E71844A00F57796 /* Project object */;
			proxyType = 1;
			remoteGlobalIDString = 8B568AD12E71844A00F57796;
			remoteInfo = BrimBrowser;
		};
		8B568AEB2E71844B00F57796 /* PBXContainerItemProxy */ = {
			isa = PBXContainerItemProxy;
			containerPortal = 8B568ACA2E71844A00F57796 /* Project object */;
			proxyType = 1;
			remoteGlobalIDString = 8B568AD12E71844A00F57796;
			remoteInfo = BrimBrowser;
		};
/* End PBXContainerItemProxy section */

/* Begin PBXFileReference section */
		8B568AD22E71844A00F57796 /* BrimBrowser.app */ = {isa = PBXFileReference; explicitFileType = wrapper.application; includeInIndex = 0; path = BrimBrowser.app; sourceTree = BUILT_PRODUCTS_DIR; };
		8B568AE02E71844B00F57796 /* BrimBrowserTests.xctest */ = {isa = PBXFileReference; explicitFileType = wrapper.cfbundle; includeInIndex = 0; path = BrimBrowserTests.xctest; sourceTree = BUILT_PRODUCTS_DIR; };
		8B568AEA2E71844B00F57796 /* BrimBrowserUITests.xctest */ = {isa = PBXFileReference; explicitFileType = wrapper.cfbundle; includeInIndex = 0; path = BrimBrowserUITests.xctest; sourceTree = BUILT_PRODUCTS_DIR; };
/* End PBXFileReference section */

/* Begin PBXFileSystemSynchronizedRootGroup section */
		8B568AD42E71844A00F57796 /* BrimBrowser */ = {
			isa = PBXFileSystemSynchronizedRootGroup;
			path = BrimBrowser;
			sourceTree = "<group>";
		};
		8B568AE32E71844B00F57796 /* BrimBrowserTests */ = {
			isa = PBXFileSystemSynchronizedRootGroup;
			path = BrimBrowserTests;
			sourceTree = "<group>";
		};
		8B568AED2E71844B00F57796 /* BrimBrowserUITests */ = {
			isa = PBXFileSystemSynchronizedRootGroup;
			path = BrimBrowserUITests;
			sourceTree = "<group>";
		};
/* End PBXFileSystemSynchronizedRootGroup section */

/* Begin PBXFrameworksBuildPhase section */
		8B568ACF2E71844A00F57796 /* Frameworks */ = {
			isa = PBXFrameworksBuildPhase;
			buildActionMask = 2147483647;
			files = (
			);
			runOnlyForDeploymentPostprocessing = 0;
		};
		8B568ADD2E71844B00F57796 /* Frameworks */ = {
			isa = PBXFrameworksBuildPhase;
			buildActionMask = 2147483647;
			files = (
			);
			runOnlyForDeploymentPostprocessing = 0;
		};
		8B568AE72E71844B00F57796 /* Frameworks */ = {
			isa = PBXFrameworksBuildPhase;
			buildActionMask = 2147483647;
			files = (
			);
			runOnlyForDeploymentPostprocessing = 0;
		};
/* End PBXFrameworksBuildPhase section */

/* Begin PBXGroup section */
		8B568AC92E71844A00F57796 = {
			isa = PBXGroup;
			children = (
				8B568AD42E71844A00F57796 /* BrimBrowser */,
				8B568AE32E71844B00F57796 /* BrimBrowserTests */,
				8B568AED2E71844B00F57796 /* BrimBrowserUITests */,
				8B568AD32E71844A00F57796 /* Products */,
			);
			sourceTree = "<group>";
		};
		8B568AD32E71844A00F57796 /* Products */ = {
			isa = PBXGroup;
			children = (
				8B568AD22E71844A00F57796 /* BrimBrowser.app */,
				8B568AE02E71844B00F57796 /* BrimBrowserTests.xctest */,
				8B568AEA2E71844B00F57796 /* BrimBrowserUITests.xctest */,
			);
			name = Products;
			sourceTree = "<group>";
		};
/* End PBXGroup section */

/* Begin PBXNativeTarget section */
		8B568AD12E71844A00F57796 /* BrimBrowser */ = {
			isa = PBXNativeTarget;
			buildConfigurationList = 8B568AF42E71844B00F57796 /* Build configuration list for PBXNativeTarget "BrimBrowser" */;
			buildPhases = (
				8B568ACE2E71844A00F57796 /* Sources */,
				8B568ACF2E71844A00F57796 /* Frameworks */,
				8B568AD02E71844A00F57796 /* Resources */,
			);
			buildRules = (
			);
			dependencies = (
			);
			fileSystemSynchronizedGroups = (
				8B568AD42E71844A00F57796 /* BrimBrowser */,
			);
			name = BrimBrowser;
			packageProductDependencies = (
			);
			productName = BrimBrowser;
			productReference = 8B568AD22E71844A00F57796 /* BrimBrowser.app */;
			productType = "com.apple.product-type.application";
		};
		8B568ADF2E71844B00F57796 /* BrimBrowserTests */ = {
			isa = PBXNativeTarget;
			buildConfigurationList = 8B568AF72E71844B00F57796 /* Build configuration list for PBXNativeTarget "BrimBrowserTests" */;
			buildPhases = (
				8B568ADC2E71844B00F57796 /* Sources */,
				8B568ADD2E71844B00F57796 /* Frameworks */,
				8B568ADE2E71844B00F57796 /* Resources */,
			);
			buildRules = (
			);
			dependencies = (
				8B568AE22E71844B00F57796 /* PBXTargetDependency */,
			);
			fileSystemSynchronizedGroups = (
				8B568AE32E71844B00F57796 /* BrimBrowserTests */,
			);
			name = BrimBrowserTests;
			packageProductDependencies = (
			);
			productName = BrimBrowserTests;
			productReference = 8B568AE02E71844B00F57796 /* BrimBrowserTests.xctest */;
			productType = "com.apple.product-type.bundle.unit-test";
		};
		8B568AE92E71844B00F57796 /* BrimBrowserUITests */ = {
			isa = PBXNativeTarget;
			buildConfigurationList = 8B568AFA2E71844B00F57796 /* Build configuration list for PBXNativeTarget "BrimBrowserUITests" */;
			buildPhases = (
				8B568AE62E71844B00F57796 /* Sources */,
				8B568AE72E71844B00F57796 /* Frameworks */,
				8B568AE82E71844B00F57796 /* Resources */,
			);
			buildRules = (
			);
			dependencies = (
				8B568AEC2E71844B00F57796 /* PBXTargetDependency */,
			);
			fileSystemSynchronizedGroups = (
				8B568AED2E71844B00F57796 /* BrimBrowserUITests */,
			);
			name = BrimBrowserUITests;
			packageProductDependencies = (
			);
			productName = BrimBrowserUITests;
			productReference = 8B568AEA2E71844B00F57796 /* BrimBrowserUITests.xctest */;
			productType = "com.apple.product-type.bundle.ui-testing";
		};
/* End PBXNativeTarget section */

/* Begin PBXProject section */
		8B568ACA2E71844A00F57796 /* Project object */ = {
			isa = PBXProject;
			attributes = {
				BuildIndependentTargetsInParallel = 1;
				LastSwiftUpdateCheck = 1640;
				LastUpgradeCheck = 1640;
				TargetAttributes = {
					8B568AD12E71844A00F57796 = {
						CreatedOnToolsVersion = 16.4;
					};
					8B568ADF2E71844B00F57796 = {
						CreatedOnToolsVersion = 16.4;
						TestTargetID = 8B568AD12E71844A00F57796;
					};
					8B568AE92E71844B00F57796 = {
						CreatedOnToolsVersion = 16.4;
						TestTargetID = 8B568AD12E71844A00F57796;
					};
				};
			};
			buildConfigurationList = 8B568ACD2E71844A00F57796 /* Build configuration list for PBXProject "BrimBrowser" */;
			developmentRegion = en;
			hasScannedForEncodings = 0;
			knownRegions = (
				en,
				Base,
			);
			mainGroup = 8B568AC92E71844A00F57796;
			minimizedProjectReferenceProxies = 1;
			preferredProjectObjectVersion = 77;
			productRefGroup = 8B568AD32E71844A00F57796 /* Products */;
			projectDirPath = "";
			projectRoot = "";
			targets = (
				8B568AD12E71844A00F57796 /* BrimBrowser */,
				8B568ADF2E71844B00F57796 /* BrimBrowserTests */,
				8B568AE92E71844B00F57796 /* BrimBrowserUITests */,
			);
		};
/* End PBXProject section */

/* Begin PBXResourcesBuildPhase section */
		8B568AD02E71844A00F57796 /* Resources */ = {
			isa = PBXResourcesBuildPhase;
			buildActionMask = 2147483647;
			files = (
			);
			runOnlyForDeploymentPostprocessing = 0;
		};
		8B568ADE2E71844B00F57796 /* Resources */ = {
			isa = PBXResourcesBuildPhase;
			buildActionMask = 2147483647;
			files = (
			);
			runOnlyForDeploymentPostprocessing = 0;
		};
		8B568AE82E71844B00F57796 /* Resources */ = {
			isa = PBXResourcesBuildPhase;
			buildActionMask = 2147483647;
			files = (
			);
			runOnlyForDeploymentPostprocessing = 0;
		};
/* End PBXResourcesBuildPhase section */

/* Begin PBXSourcesBuildPhase section */
		8B568ACE2E71844A00F57796 /* Sources */ = {
			isa = PBXSourcesBuildPhase;
			buildActionMask = 2147483647;
			files = (
			);
			runOnlyForDeploymentPostprocessing = 0;
		};
		8B568ADC2E71844B00F57796 /* Sources */ = {
			isa = PBXSourcesBuildPhase;
			buildActionMask = 2147483647;
			files = (
			);
			runOnlyForDeploymentPostprocessing = 0;
		};
		8B568AE62E71844B00F57796 /* Sources */ = {
			isa = PBXSourcesBuildPhase;
			buildActionMask = 2147483647;
			files = (
			);
			runOnlyForDeploymentPostprocessing = 0;
		};
/* End PBXSourcesBuildPhase section */

/* Begin PBXTargetDependency section */
		8B568AE22E71844B00F57796 /* PBXTargetDependency */ = {
			isa = PBXTargetDependency;
			target = 8B568AD12E71844A00F57796 /* BrimBrowser */;
			targetProxy = 8B568AE12E71844B00F57796 /* PBXContainerItemProxy */;
		};
		8B568AEC2E71844B00F57796 /* PBXTargetDependency */ = {
			isa = PBXTargetDependency;
			target = 8B568AD12E71844A00F57796 /* BrimBrowser */;
			targetProxy = 8B568AEB2E71844B00F57796 /* PBXContainerItemProxy */;
		};
/* End PBXTargetDependency section */

/* Begin XCBuildConfiguration section */
		8B568AF22E71844B00F57796 /* Debug */ = {
			isa = XCBuildConfiguration;
			buildSettings = {
				ALWAYS_SEARCH_USER_PATHS = NO;
				ASSETCATALOG_COMPILER_GENERATE_SWIFT_ASSET_SYMBOL_EXTENSIONS = YES;
				CLANG_ANALYZER_NONNULL = YES;
				CLANG_ANALYZER_NUMBER_OBJECT_CONVERSION = YES_AGGRESSIVE;
				CLANG_CXX_LANGUAGE_STANDARD = "gnu++20";
				CLANG_ENABLE_MODULES = YES;
				CLANG_ENABLE_OBJC_ARC = YES;
				CLANG_ENABLE_OBJC_WEAK = YES;
				CLANG_WARN_BLOCK_CAPTURE_AUTORELEASING = YES;
				CLANG_WARN_BOOL_CONVERSION = YES;
				CLANG_WARN_COMMA = YES;
				CLANG_WARN_CONSTANT_CONVERSION = YES;
				CLANG_WARN_DEPRECATED_OBJC_IMPLEMENTATIONS = YES;
				CLANG_WARN_DIRECT_OBJC_ISA_USAGE = YES_ERROR;
				CLANG_WARN_DOCUMENTATION_COMMENTS = YES;
				CLANG_WARN_EMPTY_BODY = YES;
				CLANG_WARN_ENUM_CONVERSION = YES;
				CLANG_WARN_INFINITE_RECURSION = YES;
				CLANG_WARN_INT_CONVERSION = YES;
				CLANG_WARN_NON_LITERAL_NULL_CONVERSION = YES;
				CLANG_WARN_OBJC_IMPLICIT_RETAIN_SELF = YES;
				CLANG_WARN_OBJC_LITERAL_CONVERSION = YES;
				CLANG_WARN_OBJC_ROOT_CLASS = YES_ERROR;
				CLANG_WARN_QUOTED_INCLUDE_IN_FRAMEWORK_HEADER = YES;
				CLANG_WARN_RANGE_LOOP_ANALYSIS = YES;
				CLANG_WARN_STRICT_PROTOTYPES = YES;
				CLANG_WARN_SUSPICIOUS_MOVE = YES;
				CLANG_WARN_UNGUARDED_AVAILABILITY = YES_AGGRESSIVE;
				CLANG_WARN_UNREACHABLE_CODE = YES;
				CLANG_WARN__DUPLICATE_METHOD_MATCH = YES;
				COPY_PHASE_STRIP = NO;
				DEBUG_INFORMATION_FORMAT = dwarf;
				ENABLE_STRICT_OBJC_MSGSEND = YES;
				ENABLE_TESTABILITY = YES;
				ENABLE_USER_SCRIPT_SANDBOXING = YES;
				GCC_C_LANGUAGE_STANDARD = gnu17;
				GCC_DYNAMIC_NO_PIC = NO;
				GCC_NO_COMMON_BLOCKS = YES;
				GCC_OPTIMIZATION_LEVEL = 0;
				GCC_PREPROCESSOR_DEFINITIONS = (
					"DEBUG=1",
					"$(inherited)",
				);
				GCC_WARN_64_TO_32_BIT_CONVERSION = YES;
				GCC_WARN_ABOUT_RETURN_TYPE = YES_ERROR;
				GCC_WARN_UNDECLARED_SELECTOR = YES;
				GCC_WARN_UNINITIALIZED_AUTOS = YES_AGGRESSIVE;
				GCC_WARN_UNUSED_FUNCTION = YES;
				GCC_WARN_UNUSED_VARIABLE = YES;
				LOCALIZATION_PREFERS_STRING_CATALOGS = YES;
				MACOSX_DEPLOYMENT_TARGET = 15.5;
				MTL_ENABLE_DEBUG_INFO = INCLUDE_SOURCE;
				MTL_FAST_MATH = YES;
				ONLY_ACTIVE_ARCH = YES;
				SDKROOT = macosx;
				SWIFT_ACTIVE_COMPILATION_CONDITIONS = "DEBUG $(inherited)";
				SWIFT_OPTIMIZATION_LEVEL = "-Onone";
			};
			name = Debug;
		};
		8B568AF32E71844B00F57796 /* Release */ = {
			isa = XCBuildConfiguration;
			buildSettings = {
				ALWAYS_SEARCH_USER_PATHS = NO;
				ASSETCATALOG_COMPILER_GENERATE_SWIFT_ASSET_SYMBOL_EXTENSIONS = YES;
				CLANG_ANALYZER_NONNULL = YES;
				CLANG_ANALYZER_NUMBER_OBJECT_CONVERSION = YES_AGGRESSIVE;
				CLANG_CXX_LANGUAGE_STANDARD = "gnu++20";
				CLANG_ENABLE_MODULES = YES;
				CLANG_ENABLE_OBJC_ARC = YES;
				CLANG_ENABLE_OBJC_WEAK = YES;
				CLANG_WARN_BLOCK_CAPTURE_AUTORELEASING = YES;
				CLANG_WARN_BOOL_CONVERSION = YES;
				CLANG_WARN_COMMA = YES;
				CLANG_WARN_CONSTANT_CONVERSION = YES;
				CLANG_WARN_DEPRECATED_OBJC_IMPLEMENTATIONS = YES;
				CLANG_WARN_DIRECT_OBJC_ISA_USAGE = YES_ERROR;
				CLANG_WARN_DOCUMENTATION_COMMENTS = YES;
				CLANG_WARN_EMPTY_BODY = YES;
				CLANG_WARN_ENUM_CONVERSION = YES;
				CLANG_WARN_INFINITE_RECURSION = YES;
				CLANG_WARN_INT_CONVERSION = YES;
				CLANG_WARN_NON_LITERAL_NULL_CONVERSION = YES;
				CLANG_WARN_OBJC_IMPLICIT_RETAIN_SELF = YES;
				CLANG_WARN_OBJC_LITERAL_CONVERSION = YES;
				CLANG_WARN_OBJC_ROOT_CLASS = YES_ERROR;
				CLANG_WARN_QUOTED_INCLUDE_IN_FRAMEWORK_HEADER = YES;
				CLANG_WARN_RANGE_LOOP_ANALYSIS = YES;
				CLANG_WARN_STRICT_PROTOTYPES = YES;
				CLANG_WARN_SUSPICIOUS_MOVE = YES;
				CLANG_WARN_UNGUARDED_AVAILABILITY = YES_AGGRESSIVE;
				CLANG_WARN_UNREACHABLE_CODE = YES;
				CLANG_WARN__DUPLICATE_METHOD_MATCH = YES;
				COPY_PHASE_STRIP = NO;
				DEBUG_INFORMATION_FORMAT = "dwarf-with-dsym";
				ENABLE_NS_ASSERTIONS = NO;
				ENABLE_STRICT_OBJC_MSGSEND = YES;
				ENABLE_USER_SCRIPT_SANDBOXING = YES;
				GCC_C_LANGUAGE_STANDARD = gnu17;
				GCC_NO_COMMON_BLOCKS = YES;
				GCC_WARN_64_TO_32_BIT_CONVERSION = YES;
				GCC_WARN_ABOUT_RETURN_TYPE = YES_ERROR;
				GCC_WARN_UNDECLARED_SELECTOR = YES;
				GCC_WARN_UNINITIALIZED_AUTOS = YES_AGGRESSIVE;
				GCC_WARN_UNUSED_FUNCTION = YES;
				GCC_WARN_UNUSED_VARIABLE = YES;
				LOCALIZATION_PREFERS_STRING_CATALOGS = YES;
				MACOSX_DEPLOYMENT_TARGET = 15.5;
				MTL_ENABLE_DEBUG_INFO = NO;
				MTL_FAST_MATH = YES;
				SDKROOT = macosx;
				SWIFT_COMPILATION_MODE = wholemodule;
			};
			name = Release;
		};
		8B568AF52E71844B00F57796 /* Debug */ = {
			isa = XCBuildConfiguration;
			buildSettings = {
				ASSETCATALOG_COMPILER_APPICON_NAME = AppIcon;
				ASSETCATALOG_COMPILER_GLOBAL_ACCENT_COLOR_NAME = AccentColor;
				CODE_SIGN_ENTITLEMENTS = BrimBrowser/BrimBrowser.entitlements;
				CODE_SIGN_STYLE = Automatic;
				COMBINE_HIDPI_IMAGES = YES;
				CURRENT_PROJECT_VERSION = 1;
				ENABLE_PREVIEWS = YES;
				GENERATE_INFOPLIST_FILE = YES;
				INFOPLIST_KEY_NSHumanReadableCopyright = "";
				LD_RUNPATH_SEARCH_PATHS = (
					"$(inherited)",
					"@executable_path/../Frameworks",
				);
				MARKETING_VERSION = 1.0;
				PRODUCT_BUNDLE_IDENTIFIER = apple.BrimBrowser;
				PRODUCT_NAME = "$(TARGET_NAME)";
				REGISTER_APP_GROUPS = YES;
				SWIFT_EMIT_LOC_STRINGS = YES;
				SWIFT_VERSION = 5.0;
			};
			name = Debug;
		};
		8B568AF62E71844B00F57796 /* Release */ = {
			isa = XCBuildConfiguration;
			buildSettings = {
				ASSETCATALOG_COMPILER_APPICON_NAME = AppIcon;
				ASSETCATALOG_COMPILER_GLOBAL_ACCENT_COLOR_NAME = AccentColor;
				CODE_SIGN_ENTITLEMENTS = BrimBrowser/BrimBrowser.entitlements;
				CODE_SIGN_STYLE = Automatic;
				COMBINE_HIDPI_IMAGES = YES;
				CURRENT_PROJECT_VERSION = 1;
				ENABLE_PREVIEWS = YES;
				GENERATE_INFOPLIST_FILE = YES;
				INFOPLIST_KEY_NSHumanReadableCopyright = "";
				LD_RUNPATH_SEARCH_PATHS = (
					"$(inherited)",
					"@executable_path/../Frameworks",
				);
				MARKETING_VERSION = 1.0;
				PRODUCT_BUNDLE_IDENTIFIER = apple.BrimBrowser;
				PRODUCT_NAME = "$(TARGET_NAME)";
				REGISTER_APP_GROUPS = YES;
				SWIFT_EMIT_LOC_STRINGS = YES;
				SWIFT_VERSION = 5.0;
			};
			name = Release;
		};
		8B568AF82E71844B00F57796 /* Debug */ = {
			isa = XCBuildConfiguration;
			buildSettings = {
				BUNDLE_LOADER = "$(TEST_HOST)";
				CODE_SIGN_STYLE = Automatic;
				CURRENT_PROJECT_VERSION = 1;
				GENERATE_INFOPLIST_FILE = YES;
				MACOSX_DEPLOYMENT_TARGET = 15.5;
				MARKETING_VERSION = 1.0;
				PRODUCT_BUNDLE_IDENTIFIER = apple.BrimBrowserTests;
				PRODUCT_NAME = "$(TARGET_NAME)";
				SWIFT_EMIT_LOC_STRINGS = NO;
				SWIFT_VERSION = 5.0;
				TEST_HOST = "$(BUILT_PRODUCTS_DIR)/BrimBrowser.app/$(BUNDLE_EXECUTABLE_FOLDER_PATH)/BrimBrowser";
			};
			name = Debug;
		};
		8B568AF92E71844B00F57796 /* Release */ = {
			isa = XCBuildConfiguration;
			buildSettings = {
				BUNDLE_LOADER = "$(TEST_HOST)";
				CODE_SIGN_STYLE = Automatic;
				CURRENT_PROJECT_VERSION = 1;
				GENERATE_INFOPLIST_FILE = YES;
				MACOSX_DEPLOYMENT_TARGET = 15.5;
				MARKETING_VERSION = 1.0;
				PRODUCT_BUNDLE_IDENTIFIER = apple.BrimBrowserTests;
				PRODUCT_NAME = "$(TARGET_NAME)";
				SWIFT_EMIT_LOC_STRINGS = NO;
				SWIFT_VERSION = 5.0;
				TEST_HOST = "$(BUILT_PRODUCTS_DIR)/BrimBrowser.app/$(BUNDLE_EXECUTABLE_FOLDER_PATH)/BrimBrowser";
			};
			name = Release;
		};
		8B568AFB2E71844B00F57796 /* Debug */ = {
			isa = XCBuildConfiguration;
			buildSettings = {
				CODE_SIGN_STYLE = Automatic;
				CURRENT_PROJECT_VERSION = 1;
				GENERATE_INFOPLIST_FILE = YES;
				MARKETING_VERSION = 1.0;
				PRODUCT_BUNDLE_IDENTIFIER = apple.BrimBrowserUITests;
				PRODUCT_NAME = "$(TARGET_NAME)";
				SWIFT_EMIT_LOC_STRINGS = NO;
				SWIFT_VERSION = 5.0;
				TEST_TARGET_NAME = BrimBrowser;
			};
			name = Debug;
		};
		8B568AFC2E71844B00F57796 /* Release */ = {
			isa = XCBuildConfiguration;
			buildSettings = {
				CODE_SIGN_STYLE = Automatic;
				CURRENT_PROJECT_VERSION = 1;
				GENERATE_INFOPLIST_FILE = YES;
				MARKETING_VERSION = 1.0;
				PRODUCT_BUNDLE_IDENTIFIER = apple.BrimBrowserUITests;
				PRODUCT_NAME = "$(TARGET_NAME)";
				SWIFT_EMIT_LOC_STRINGS = NO;
				SWIFT_VERSION = 5.0;
				TEST_TARGET_NAME = BrimBrowser;
			};
			name = Release;
		};
/* End XCBuildConfiguration section */

/* Begin XCConfigurationList section */
		8B568ACD2E71844A00F57796 /* Build configuration list for PBXProject "BrimBrowser" */ = {
			isa = XCConfigurationList;
			buildConfigurations = (
				8B568AF22E71844B00F57796 /* Debug */,
				8B568AF32E71844B00F57796 /* Release */,
			);
			defaultConfigurationIsVisible = 0;
			defaultConfigurationName = Release;
		};
		8B568AF42E71844B00F57796 /* Build configuration list for PBXNativeTarget "BrimBrowser" */ = {
			isa = XCConfigurationList;
			buildConfigurations = (
				8B568AF52E71844B00F57796 /* Debug */,
				8B568AF62E71844B00F57796 /* Release */,
			);
			defaultConfigurationIsVisible = 0;
			defaultConfigurationName = Release;
		};
		8B568AF72E71844B00F57796 /* Build configuration list for PBXNativeTarget "BrimBrowserTests" */ = {
			isa = XCConfigurationList;
			buildConfigurations = (
				8B568AF82E71844B00F57796 /* Debug */,
				8B568AF92E71844B00F57796 /* Release */,
			);
			defaultConfigurationIsVisible = 0;
			defaultConfigurationName = Release;
		};
		8B568AFA2E71844B00F57796 /* Build configuration list for PBXNativeTarget "BrimBrowserUITests" */ = {
			isa = XCConfigurationList;
			buildConfigurations = (
				8B568AFB2E71844B00F57796 /* Debug */,
				8B568AFC2E71844B00F57796 /* Release */,
			);
			defaultConfigurationIsVisible = 0;
			defaultConfigurationName = Release;
		};
/* End XCConfigurationList section */
	};
	rootObject = 8B568ACA2E71844A00F57796 /* Project object */;
}
